Microsoft Visual Studio Solution File, Format Version 11.00
# Visual Studio 2008

Project("{68432156-E716-8E4B-62EB-5E3A21736027}") = "hm-attack1.1", "Assembly-CSharp.csproj", "{11A11F91-CE4E-288C-16A4-79DF7A00FF67}"
EndProject
Project("{68432156-E716-8E4B-62EB-5E3A21736027}") = "hm-attack1.1", "Assembly-CSharp-Editor.csproj", "{6CF33B0D-3A2A-F416-5D2B-BA06A207E417}"
EndProject
Global
	GlobalSection(SolutionConfigurationPlatforms) = preSolution
		Debug|Any CPU = Debug|Any CPU
		Release|Any CPU = Release|Any CPU
	EndGlobalSection
	GlobalSection(ProjectConfigurationPlatforms) = postSolution
		{11A11F91-CE4E-288C-16A4-79DF7A00FF67}.Debug|Any CPU.ActiveCfg = Debug|Any CPU
		{11A11F91-CE4E-288C-16A4-79DF7A00FF67}.Debug|Any CPU.Build.0 = Debug|Any CPU
		{11A11F91-CE4E-288C-16A4-79DF7A00FF67}.Release|Any CPU.ActiveCfg = Release|Any CPU
		{11A11F91-CE4E-288C-16A4-79DF7A00FF67}.Release|Any CPU.Build.0 = Release|Any CPU
		{6CF33B0D-3A2A-F416-5D2B-BA06A207E417}.Debug|Any CPU.ActiveCfg = Debug|Any CPU
		{6CF33B0D-3A2A-F416-5D2B-BA06A207E417}.Debug|Any CPU.Build.0 = Debug|Any CPU
		{6CF33B0D-3A2A-F416-5D2B-BA06A207E417}.Release|Any CPU.ActiveCfg = Release|Any CPU
		{6CF33B0D-3A2A-F416-5D2B-BA06A207E417}.Release|Any CPU.Build.0 = Release|Any CPU
	EndGlobalSection
	GlobalSection(SolutionProperties) = preSolution
		HideSolutionNode = FALSE
	EndGlobalSection
																			GlobalSection(MonoDevelopProperties) = preSolution
		StartupItem = Assembly-CSharp.csproj
		Policies = $0
		$0.TextStylePolicy = $1
		$1.inheritsSet = null
		$1.scope = text/x-csharp
		$0.CSharpFormattingPolicy = $2
		$2.inheritsSet = Mono
		$2.inheritsScope = text/x-csharp
		$2.scope = text/x-csharp
		$0.TextStylePolicy = $3
		$3.FileWidth = 120
		$3.TabWidth = 4
		$3.IndentWidth = 4
		$3.EolMarker = Unix
		$3.inheritsSet = Mono
		$3.inheritsScope = text/plain
		$3.scope = text/plain
	EndGlobalSection

EndGlobal
