Microsoft Visual Studio Solution File, Format Version 11.00
# Visual Studio 2008

Project("{E9164C2A-2A88-0385-41D8-ACBEEA6F26CE}") = "hm-attack-BETA-2.52", "Assembly-CSharp.csproj", "{3990D74A-EFCF-5B1F-D900-67F1F051B7E5}"
EndProject
Project("{E9164C2A-2A88-0385-41D8-ACBEEA6F26CE}") = "hm-attack-BETA-2.52", "Assembly-CSharp-Editor.csproj", "{90026AA7-19E7-ECA1-F99B-E39879449846}"
EndProject
Global
	GlobalSection(SolutionConfigurationPlatforms) = preSolution
		Debug|Any CPU = Debug|Any CPU
		Release|Any CPU = Release|Any CPU
	EndGlobalSection
	GlobalSection(ProjectConfigurationPlatforms) = postSolution
		{3990D74A-EFCF-5B1F-D900-67F1F051B7E5}.Debug|Any CPU.ActiveCfg = Debug|Any CPU
		{3990D74A-EFCF-5B1F-D900-67F1F051B7E5}.Debug|Any CPU.Build.0 = Debug|Any CPU
		{3990D74A-EFCF-5B1F-D900-67F1F051B7E5}.Release|Any CPU.ActiveCfg = Release|Any CPU
		{3990D74A-EFCF-5B1F-D900-67F1F051B7E5}.Release|Any CPU.Build.0 = Release|Any CPU
		{90026AA7-19E7-ECA1-F99B-E39879449846}.Debug|Any CPU.ActiveCfg = Debug|Any CPU
		{90026AA7-19E7-ECA1-F99B-E39879449846}.Debug|Any CPU.Build.0 = Debug|Any CPU
		{90026AA7-19E7-ECA1-F99B-E39879449846}.Release|Any CPU.ActiveCfg = Release|Any CPU
		{90026AA7-19E7-ECA1-F99B-E39879449846}.Release|Any CPU.Build.0 = Release|Any CPU
	EndGlobalSection
	GlobalSection(SolutionProperties) = preSolution
		HideSolutionNode = FALSE
	EndGlobalSection
								GlobalSection(MonoDevelopProperties) = preSolution
		StartupItem = Assembly-CSharp.csproj
		Policies = $0
		$0.TextStylePolicy = $1
		$1.inheritsSet = null
		$1.scope = text/x-csharp
		$0.CSharpFormattingPolicy = $2
		$2.inheritsSet = Mono
		$2.inheritsScope = text/x-csharp
		$2.scope = text/x-csharp
		$0.TextStylePolicy = $3
		$3.FileWidth = 120
		$3.TabWidth = 4
		$3.IndentWidth = 4
		$3.EolMarker = Unix
		$3.inheritsSet = Mono
		$3.inheritsScope = text/plain
		$3.scope = text/plain
	EndGlobalSection

EndGlobal
