Microsoft Visual Studio Solution File, Format Version 11.00
# Visual Studio 2008

Project("{5AE30F51-0269-38CE-BDC9-5D4D832BE4EC}") = "hm-attack1", "Assembly-CSharp-vs.csproj", "{57DA7DA8-3E69-BEE7-9134-6A76CF8509C7}"
EndProject
Project("{5AE30F51-0269-38CE-BDC9-5D4D832BE4EC}") = "hm-attack1", "Assembly-CSharp-Editor-vs.csproj", "{455ED157-2E7F-107A-56C1-A673388B9C0E}"
EndProject
Global
	GlobalSection(SolutionConfigurationPlatforms) = preSolution
		Debug|Any CPU = Debug|Any CPU
		Release|Any CPU = Release|Any CPU
	EndGlobalSection
	GlobalSection(ProjectConfigurationPlatforms) = postSolution
		{57DA7DA8-3E69-BEE7-9134-6A76CF8509C7}.Debug|Any CPU.ActiveCfg = Debug|Any CPU
		{57DA7DA8-3E69-BEE7-9134-6A76CF8509C7}.Debug|Any CPU.Build.0 = Debug|Any CPU
		{57DA7DA8-3E69-BEE7-9134-6A76CF8509C7}.Release|Any CPU.ActiveCfg = Release|Any CPU
		{57DA7DA8-3E69-BEE7-9134-6A76CF8509C7}.Release|Any CPU.Build.0 = Release|Any CPU
		{455ED157-2E7F-107A-56C1-A673388B9C0E}.Debug|Any CPU.ActiveCfg = Debug|Any CPU
		{455ED157-2E7F-107A-56C1-A673388B9C0E}.Debug|Any CPU.Build.0 = Debug|Any CPU
		{455ED157-2E7F-107A-56C1-A673388B9C0E}.Release|Any CPU.ActiveCfg = Release|Any CPU
		{455ED157-2E7F-107A-56C1-A673388B9C0E}.Release|Any CPU.Build.0 = Release|Any CPU
	EndGlobalSection
	GlobalSection(SolutionProperties) = preSolution
		HideSolutionNode = FALSE
	EndGlobalSection
									GlobalSection(MonoDevelopProperties) = preSolution
		StartupItem = Assembly-CSharp.csproj
		Policies = $0
		$0.TextStylePolicy = $1
		$1.inheritsSet = null
		$1.scope = text/x-csharp
		$0.CSharpFormattingPolicy = $2
		$2.inheritsSet = Mono
		$2.inheritsScope = text/x-csharp
		$2.scope = text/x-csharp
		$0.TextStylePolicy = $3
		$3.FileWidth = 120
		$3.TabWidth = 4
		$3.IndentWidth = 4
		$3.EolMarker = Unix
		$3.inheritsSet = Mono
		$3.inheritsScope = text/plain
		$3.scope = text/plain
	EndGlobalSection

EndGlobal
